PODS:
  - "sqlite3 (3.46.0+1)":
    - "sqlite3/common (= 3.46.0+1)"
  - "sqlite3/common (3.46.0+1)"

DEPENDENCIES:
  - sqlite3

SPEC REPOS:
  trunk:
    - sqlite3

SPEC CHECKSUMS:
  sqlite3: 292c3e1bfe89f64e51ea7fc7dab9182a017c8630

PODFILE CHECKSUM: 89ed4a778b2811402259e452e3e99c5ee851b9f1

COCOAPODS: 1.15.2
